// !$*UTF8*$!
{
	archiveVersion = 1;
	classes = {
	};
	objectVersion = 56;
	objects = {

/* Begin PBXBuildFile section */
		EB5452862986C916001477F9 /* AppDelegate.m in Sources */ = {isa = PBXBuildFile; fileRef = EB5452852986C916001477F9 /* AppDelegate.m */; };
		EB5452892986C916001477F9 /* SceneDelegate.m in Sources */ = {isa = PBXBuildFile; fileRef = EB5452882986C916001477F9 /* SceneDelegate.m */; };
		EB54528C2986C916001477F9 /* HomePageVC.m in Sources */ = {isa = PBXBuildFile; fileRef = EB54528B2986C916001477F9 /* HomePageVC.m */; };
		EB5452912986C918001477F9 /* Assets.xcassets in Resources */ = {isa = PBXBuildFile; fileRef = EB5452902986C918001477F9 /* Assets.xcassets */; };
		EB5452942986C918001477F9 /* LaunchScreen.storyboard in Resources */ = {isa = PBXBuildFile; fileRef = EB5452922986C918001477F9 /* LaunchScreen.storyboard */; };
		EB5452972986C918001477F9 /* main.m in Sources */ = {isa = PBXBuildFile; fileRef = EB5452962986C918001477F9 /* main.m */; };
		EB5452A12986C918001477F9 /* AllinTests.m in Sources */ = {isa = PBXBuildFile; fileRef = EB5452A02986C918001477F9 /* AllinTests.m */; };
		EB5452AB2986C918001477F9 /* AllinUITests.m in Sources */ = {isa = PBXBuildFile; fileRef = EB5452AA2986C918001477F9 /* AllinUITests.m */; };
		EB5452AD2986C918001477F9 /* AllinUITestsLaunchTests.m in Sources */ = {isa = PBXBuildFile; fileRef = EB5452AC2986C918001477F9 /* AllinUITestsLaunchTests.m */; };
		EB5452BC2986D207001477F9 /* demoCell.m in Sources */ = {isa = PBXBuildFile; fileRef = EB5452BB2986D207001477F9 /* demoCell.m */; };
/* End PBXBuildFile section */

/* Begin PBXContainerItemProxy section */
		EB54529D2986C918001477F9 /* PBXContainerItemProxy */ = {
			isa = PBXContainerItemProxy;
			containerPortal = EB5452792986C916001477F9 /* Project object */;
			proxyType = 1;
			remoteGlobalIDString = EB5452802986C916001477F9;
			remoteInfo = Allin;
		};
		EB5452A72986C918001477F9 /* PBXContainerItemProxy */ = {
			isa = PBXContainerItemProxy;
			containerPortal = EB5452792986C916001477F9 /* Project object */;
			proxyType = 1;
			remoteGlobalIDString = EB5452802986C916001477F9;
			remoteInfo = Allin;
		};
/* End PBXContainerItemProxy section */

/* Begin PBXFileReference section */
		EB5452812986C916001477F9 /* Allin.app */ = {isa = PBXFileReference; explicitFileType = wrapper.application; includeInIndex = 0; path = Allin.app; sourceTree = BUILT_PRODUCTS_DIR; };
		EB5452842986C916001477F9 /* AppDelegate.h */ = {isa = PBXFileReference; lastKnownFileType = sourcecode.c.h; path = AppDelegate.h; sourceTree = "<group>"; };
		EB5452852986C916001477F9 /* AppDelegate.m */ = {isa = PBXFileReference; lastKnownFileType = sourcecode.c.objc; path = AppDelegate.m; sourceTree = "<group>"; };
		EB5452872986C916001477F9 /* SceneDelegate.h */ = {isa = PBXFileReference; lastKnownFileType = sourcecode.c.h; path = SceneDelegate.h; sourceTree = "<group>"; };
		EB5452882986C916001477F9 /* SceneDelegate.m */ = {isa = PBXFileReference; lastKnownFileType = sourcecode.c.objc; path = SceneDelegate.m; sourceTree = "<group>"; };
		EB54528A2986C916001477F9 /* HomePageVC.h */ = {isa = PBXFileReference; lastKnownFileType = sourcecode.c.h; path = HomePageVC.h; sourceTree = "<group>"; };
		EB54528B2986C916001477F9 /* HomePageVC.m */ = {isa = PBXFileReference; lastKnownFileType = sourcecode.c.objc; path = HomePageVC.m; sourceTree = "<group>"; };
		EB5452902986C918001477F9 /* Assets.xcassets */ = {isa = PBXFileReference; lastKnownFileType = folder.assetcatalog; path = Assets.xcassets; sourceTree = "<group>"; };
		EB5452932986C918001477F9 /* Base */ = {isa = PBXFileReference; lastKnownFileType = file.storyboard; name = Base; path = Base.lproj/LaunchScreen.storyboard; sourceTree = "<group>"; };
		EB5452952986C918001477F9 /* Info.plist */ = {isa = PBXFileReference; lastKnownFileType = text.plist.xml; path = Info.plist; sourceTree = "<group>"; };
		EB5452962986C918001477F9 /* main.m */ = {isa = PBXFileReference; lastKnownFileType = sourcecode.c.objc; path = main.m; sourceTree = "<group>"; };
		EB54529C2986C918001477F9 /* AllinTests.xctest */ = {isa = PBXFileReference; explicitFileType = wrapper.cfbundle; includeInIndex = 0; path = AllinTests.xctest; sourceTree = BUILT_PRODUCTS_DIR; };
		EB5452A02986C918001477F9 /* AllinTests.m */ = {isa = PBXFileReference; lastKnownFileType = sourcecode.c.objc; path = AllinTests.m; sourceTree = "<group>"; };
		EB5452A62986C918001477F9 /* AllinUITests.xctest */ = {isa = PBXFileReference; explicitFileType = wrapper.cfbundle; includeInIndex = 0; path = AllinUITests.xctest; sourceTree = BUILT_PRODUCTS_DIR; };
		EB5452AA2986C918001477F9 /* AllinUITests.m */ = {isa = PBXFileReference; lastKnownFileType = sourcecode.c.objc; path = AllinUITests.m; sourceTree = "<group>"; };
		EB5452AC2986C918001477F9 /* AllinUITestsLaunchTests.m */ = {isa = PBXFileReference; lastKnownFileType = sourcecode.c.objc; path = AllinUITestsLaunchTests.m; sourceTree = "<group>"; };
		EB5452BA2986D207001477F9 /* demoCell.h */ = {isa = PBXFileReference; lastKnownFileType = sourcecode.c.h; path = demoCell.h; sourceTree = "<group>"; };
		EB5452BB2986D207001477F9 /* demoCell.m */ = {isa = PBXFileReference; lastKnownFileType = sourcecode.c.objc; path = demoCell.m; sourceTree = "<group>"; };
/* End PBXFileReference section */

/* Begin PBXFrameworksBuildPhase section */
		EB54527E2986C916001477F9 /* Frameworks */ = {
			isa = PBXFrameworksBuildPhase;
			buildActionMask = 2147483647;
			files = (
			);
			runOnlyForDeploymentPostprocessing = 0;
		};
		EB5452992986C918001477F9 /* Frameworks */ = {
			isa = PBXFrameworksBuildPhase;
			buildActionMask = 2147483647;
			files = (
			);
			runOnlyForDeploymentPostprocessing = 0;
		};
		EB5452A32986C918001477F9 /* Frameworks */ = {
			isa = PBXFrameworksBuildPhase;
			buildActionMask = 2147483647;
			files = (
			);
			runOnlyForDeploymentPostprocessing = 0;
		};
/* End PBXFrameworksBuildPhase section */

/* Begin PBXGroup section */
		EB5452782986C916001477F9 = {
			isa = PBXGroup;
			children = (
				EB5452832986C916001477F9 /* Allin */,
				EB54529F2986C918001477F9 /* AllinTests */,
				EB5452A92986C918001477F9 /* AllinUITests */,
				EB5452822986C916001477F9 /* Products */,
			);
			sourceTree = "<group>";
		};
		EB5452822986C916001477F9 /* Products */ = {
			isa = PBXGroup;
			children = (
				EB5452812986C916001477F9 /* Allin.app */,
				EB54529C2986C918001477F9 /* AllinTests.xctest */,
				EB5452A62986C918001477F9 /* AllinUITests.xctest */,
			);
			name = Products;
			sourceTree = "<group>";
		};
		EB5452832986C916001477F9 /* Allin */ = {
			isa = PBXGroup;
			children = (
				EB5452C02986DA65001477F9 /* Network */,
				EB5452BF2986D928001477F9 /* VC */,
				EB5452BD2986D906001477F9 /* View */,
				EB5452842986C916001477F9 /* AppDelegate.h */,
				EB5452852986C916001477F9 /* AppDelegate.m */,
				EB5452872986C916001477F9 /* SceneDelegate.h */,
				EB5452882986C916001477F9 /* SceneDelegate.m */,
				EB5452902986C918001477F9 /* Assets.xcassets */,
				EB5452922986C918001477F9 /* LaunchScreen.storyboard */,
				EB5452952986C918001477F9 /* Info.plist */,
				EB5452962986C918001477F9 /* main.m */,
			);
			path = Allin;
			sourceTree = "<group>";
		};
		EB54529F2986C918001477F9 /* AllinTests */ = {
			isa = PBXGroup;
			children = (
				EB5452A02986C918001477F9 /* AllinTests.m */,
			);
			path = AllinTests;
			sourceTree = "<group>";
		};
		EB5452A92986C918001477F9 /* AllinUITests */ = {
			isa = PBXGroup;
			children = (
				EB5452AA2986C918001477F9 /* AllinUITests.m */,
				EB5452AC2986C918001477F9 /* AllinUITestsLaunchTests.m */,
			);
			path = AllinUITests;
			sourceTree = "<group>";
		};
		EB5452BD2986D906001477F9 /* View */ = {
			isa = PBXGroup;
			children = (
				EB5452BA2986D207001477F9 /* demoCell.h */,
				EB5452BB2986D207001477F9 /* demoCell.m */,
			);
			path = View;
			sourceTree = "<group>";
		};
		EB5452BF2986D928001477F9 /* VC */ = {
			isa = PBXGroup;
			children = (
				EB54528A2986C916001477F9 /* HomePageVC.h */,
				EB54528B2986C916001477F9 /* HomePageVC.m */,
			);
			path = VC;
			sourceTree = "<group>";
		};
		EB5452C02986DA65001477F9 /* Network */ = {
			isa = PBXGroup;
			children = (
			);
			path = Network;
			sourceTree = "<group>";
		};
/* End PBXGroup section */

/* Begin PBXNativeTarget section */
		EB5452802986C916001477F9 /* Allin */ = {
			isa = PBXNativeTarget;
			buildConfigurationList = EB5452B02986C918001477F9 /* Build configuration list for PBXNativeTarget "Allin" */;
			buildPhases = (
				EB54527D2986C916001477F9 /* Sources */,
				EB54527E2986C916001477F9 /* Frameworks */,
				EB54527F2986C916001477F9 /* Resources */,
			);
			buildRules = (
			);
			dependencies = (
			);
			name = Allin;
			productName = Allin;
			productReference = EB5452812986C916001477F9 /* Allin.app */;
			productType = "com.apple.product-type.application";
		};
		EB54529B2986C918001477F9 /* AllinTests */ = {
			isa = PBXNativeTarget;
			buildConfigurationList = EB5452B32986C918001477F9 /* Build configuration list for PBXNativeTarget "AllinTests" */;
			buildPhases = (
				EB5452982986C918001477F9 /* Sources */,
				EB5452992986C918001477F9 /* Frameworks */,
				EB54529A2986C918001477F9 /* Resources */,
			);
			buildRules = (
			);
			dependencies = (
				EB54529E2986C918001477F9 /* PBXTargetDependency */,
			);
			name = AllinTests;
			productName = AllinTests;
			productReference = EB54529C2986C918001477F9 /* AllinTests.xctest */;
			productType = "com.apple.product-type.bundle.unit-test";
		};
		EB5452A52986C918001477F9 /* AllinUITests */ = {
			isa = PBXNativeTarget;
			buildConfigurationList = EB5452B62986C918001477F9 /* Build configuration list for PBXNativeTarget "AllinUITests" */;
			buildPhases = (
				EB5452A22986C918001477F9 /* Sources */,
				EB5452A32986C918001477F9 /* Frameworks */,
				EB5452A42986C918001477F9 /* Resources */,
			);
			buildRules = (
			);
			dependencies = (
				EB5452A82986C918001477F9 /* PBXTargetDependency */,
			);
			name = AllinUITests;
			productName = AllinUITests;
			productReference = EB5452A62986C918001477F9 /* AllinUITests.xctest */;
			productType = "com.apple.product-type.bundle.ui-testing";
		};
/* End PBXNativeTarget section */

/* Begin PBXProject section */
		EB5452792986C916001477F9 /* Project object */ = {
			isa = PBXProject;
			attributes = {
				BuildIndependentTargetsInParallel = 1;
				LastUpgradeCheck = 1420;
				TargetAttributes = {
					EB5452802986C916001477F9 = {
						CreatedOnToolsVersion = 14.2;
					};
					EB54529B2986C918001477F9 = {
						CreatedOnToolsVersion = 14.2;
						TestTargetID = EB5452802986C916001477F9;
					};
					EB5452A52986C918001477F9 = {
						CreatedOnToolsVersion = 14.2;
						TestTargetID = EB5452802986C916001477F9;
					};
				};
			};
			buildConfigurationList = EB54527C2986C916001477F9 /* Build configuration list for PBXProject "Allin" */;
			compatibilityVersion = "Xcode 14.0";
			developmentRegion = en;
			hasScannedForEncodings = 0;
			knownRegions = (
				en,
				Base,
			);
			mainGroup = EB5452782986C916001477F9;
			productRefGroup = EB5452822986C916001477F9 /* Products */;
			projectDirPath = "";
			projectRoot = "";
			targets = (
				EB5452802986C916001477F9 /* Allin */,
				EB54529B2986C918001477F9 /* AllinTests */,
				EB5452A52986C918001477F9 /* AllinUITests */,
			);
		};
/* End PBXProject section */

/* Begin PBXResourcesBuildPhase section */
		EB54527F2986C916001477F9 /* Resources */ = {
			isa = PBXResourcesBuildPhase;
			buildActionMask = 2147483647;
			files = (
				EB5452942986C918001477F9 /* LaunchScreen.storyboard in Resources */,
				EB5452912986C918001477F9 /* Assets.xcassets in Resources */,
			);
			runOnlyForDeploymentPostprocessing = 0;
		};
		EB54529A2986C918001477F9 /* Resources */ = {
			isa = PBXResourcesBuildPhase;
			buildActionMask = 2147483647;
			files = (
			);
			runOnlyForDeploymentPostprocessing = 0;
		};
		EB5452A42986C918001477F9 /* Resources */ = {
			isa = PBXResourcesBuildPhase;
			buildActionMask = 2147483647;
			files = (
			);
			runOnlyForDeploymentPostprocessing = 0;
		};
/* End PBXResourcesBuildPhase section */

/* Begin PBXSourcesBuildPhase section */
		EB54527D2986C916001477F9 /* Sources */ = {
			isa = PBXSourcesBuildPhase;
			buildActionMask = 2147483647;
			files = (
				EB54528C2986C916001477F9 /* HomePageVC.m in Sources */,
				EB5452862986C916001477F9 /* AppDelegate.m in Sources */,
				EB5452972986C918001477F9 /* main.m in Sources */,
				EB5452BC2986D207001477F9 /* demoCell.m in Sources */,
				EB5452892986C916001477F9 /* SceneDelegate.m in Sources */,
			);
			runOnlyForDeploymentPostprocessing = 0;
		};
		EB5452982986C918001477F9 /* Sources */ = {
			isa = PBXSourcesBuildPhase;
			buildActionMask = 2147483647;
			files = (
				EB5452A12986C918001477F9 /* AllinTests.m in Sources */,
			);
			runOnlyForDeploymentPostprocessing = 0;
		};
		EB5452A22986C918001477F9 /* Sources */ = {
			isa = PBXSourcesBuildPhase;
			buildActionMask = 2147483647;
			files = (
				EB5452AB2986C918001477F9 /* AllinUITests.m in Sources */,
				EB5452AD2986C918001477F9 /* AllinUITestsLaunchTests.m in Sources */,
			);
			runOnlyForDeploymentPostprocessing = 0;
		};
/* End PBXSourcesBuildPhase section */

/* Begin PBXTargetDependency section */
		EB54529E2986C918001477F9 /* PBXTargetDependency */ = {
			isa = PBXTargetDependency;
			target = EB5452802986C916001477F9 /* Allin */;
			targetProxy = EB54529D2986C918001477F9 /* PBXContainerItemProxy */;
		};
		EB5452A82986C918001477F9 /* PBXTargetDependency */ = {
			isa = PBXTargetDependency;
			target = EB5452802986C916001477F9 /* Allin */;
			targetProxy = EB5452A72986C918001477F9 /* PBXContainerItemProxy */;
		};
/* End PBXTargetDependency section */

/* Begin PBXVariantGroup section */
		EB5452922986C918001477F9 /* LaunchScreen.storyboard */ = {
			isa = PBXVariantGroup;
			children = (
				EB5452932986C918001477F9 /* Base */,
			);
			name = LaunchScreen.storyboard;
			sourceTree = "<group>";
		};
/* End PBXVariantGroup section */

/* Begin XCBuildConfiguration section */
		EB5452AE2986C918001477F9 /* Debug */ = {
			isa = XCBuildConfiguration;
			buildSettings = {
				ALWAYS_SEARCH_USER_PATHS = NO;
				CLANG_ANALYZER_NONNULL = YES;
				CLANG_ANALYZER_NUMBER_OBJECT_CONVERSION = YES_AGGRESSIVE;
				CLANG_CXX_LANGUAGE_STANDARD = "gnu++20";
				CLANG_ENABLE_MODULES = YES;
				CLANG_ENABLE_OBJC_ARC = YES;
				CLANG_ENABLE_OBJC_WEAK = YES;
				CLANG_WARN_BLOCK_CAPTURE_AUTORELEASING = YES;
				CLANG_WARN_BOOL_CONVERSION = YES;
				CLANG_WARN_COMMA = YES;
				CLANG_WARN_CONSTANT_CONVERSION = YES;
				CLANG_WARN_DEPRECATED_OBJC_IMPLEMENTATIONS = YES;
				CLANG_WARN_DIRECT_OBJC_ISA_USAGE = YES_ERROR;
				CLANG_WARN_DOCUMENTATION_COMMENTS = YES;
				CLANG_WARN_EMPTY_BODY = YES;
				CLANG_WARN_ENUM_CONVERSION = YES;
				CLANG_WARN_INFINITE_RECURSION = YES;
				CLANG_WARN_INT_CONVERSION = YES;
				CLANG_WARN_NON_LITERAL_NULL_CONVERSION = YES;
				CLANG_WARN_OBJC_IMPLICIT_RETAIN_SELF = YES;
				CLANG_WARN_OBJC_LITERAL_CONVERSION = YES;
				CLANG_WARN_OBJC_ROOT_CLASS = YES_ERROR;
				CLANG_WARN_QUOTED_INCLUDE_IN_FRAMEWORK_HEADER = YES;
				CLANG_WARN_RANGE_LOOP_ANALYSIS = YES;
				CLANG_WARN_STRICT_PROTOTYPES = YES;
				CLANG_WARN_SUSPICIOUS_MOVE = YES;
				CLANG_WARN_UNGUARDED_AVAILABILITY = YES_AGGRESSIVE;
				CLANG_WARN_UNREACHABLE_CODE = YES;
				CLANG_WARN__DUPLICATE_METHOD_MATCH = YES;
				COPY_PHASE_STRIP = NO;
				DEBUG_INFORMATION_FORMAT = dwarf;
				ENABLE_STRICT_OBJC_MSGSEND = YES;
				ENABLE_TESTABILITY = YES;
				GCC_C_LANGUAGE_STANDARD = gnu11;
				GCC_DYNAMIC_NO_PIC = NO;
				GCC_NO_COMMON_BLOCKS = YES;
				GCC_OPTIMIZATION_LEVEL = 0;
				GCC_PREPROCESSOR_DEFINITIONS = (
					"DEBUG=1",
					"$(inherited)",
				);
				GCC_WARN_64_TO_32_BIT_CONVERSION = YES;
				GCC_WARN_ABOUT_RETURN_TYPE = YES_ERROR;
				GCC_WARN_UNDECLARED_SELECTOR = YES;
				GCC_WARN_UNINITIALIZED_AUTOS = YES_AGGRESSIVE;
				GCC_WARN_UNUSED_FUNCTION = YES;
				GCC_WARN_UNUSED_VARIABLE = YES;
				IPHONEOS_DEPLOYMENT_TARGET = 16.2;
				MTL_ENABLE_DEBUG_INFO = INCLUDE_SOURCE;
				MTL_FAST_MATH = YES;
				ONLY_ACTIVE_ARCH = YES;
				SDKROOT = iphoneos;
			};
			name = Debug;
		};
		EB5452AF2986C918001477F9 /* Release */ = {
			isa = XCBuildConfiguration;
			buildSettings = {
				ALWAYS_SEARCH_USER_PATHS = NO;
				CLANG_ANALYZER_NONNULL = YES;
				CLANG_ANALYZER_NUMBER_OBJECT_CONVERSION = YES_AGGRESSIVE;
				CLANG_CXX_LANGUAGE_STANDARD = "gnu++20";
				CLANG_ENABLE_MODULES = YES;
				CLANG_ENABLE_OBJC_ARC = YES;
				CLANG_ENABLE_OBJC_WEAK = YES;
				CLANG_WARN_BLOCK_CAPTURE_AUTORELEASING = YES;
				CLANG_WARN_BOOL_CONVERSION = YES;
				CLANG_WARN_COMMA = YES;
				CLANG_WARN_CONSTANT_CONVERSION = YES;
				CLANG_WARN_DEPRECATED_OBJC_IMPLEMENTATIONS = YES;
				CLANG_WARN_DIRECT_OBJC_ISA_USAGE = YES_ERROR;
				CLANG_WARN_DOCUMENTATION_COMMENTS = YES;
				CLANG_WARN_EMPTY_BODY = YES;
				CLANG_WARN_ENUM_CONVERSION = YES;
				CLANG_WARN_INFINITE_RECURSION = YES;
				CLANG_WARN_INT_CONVERSION = YES;
				CLANG_WARN_NON_LITERAL_NULL_CONVERSION = YES;
				CLANG_WARN_OBJC_IMPLICIT_RETAIN_SELF = YES;
				CLANG_WARN_OBJC_LITERAL_CONVERSION = YES;
				CLANG_WARN_OBJC_ROOT_CLASS = YES_ERROR;
				CLANG_WARN_QUOTED_INCLUDE_IN_FRAMEWORK_HEADER = YES;
				CLANG_WARN_RANGE_LOOP_ANALYSIS = YES;
				CLANG_WARN_STRICT_PROTOTYPES = YES;
				CLANG_WARN_SUSPICIOUS_MOVE = YES;
				CLANG_WARN_UNGUARDED_AVAILABILITY = YES_AGGRESSIVE;
				CLANG_WARN_UNREACHABLE_CODE = YES;
				CLANG_WARN__DUPLICATE_METHOD_MATCH = YES;
				COPY_PHASE_STRIP = NO;
				DEBUG_INFORMATION_FORMAT = "dwarf-with-dsym";
				ENABLE_NS_ASSERTIONS = NO;
				ENABLE_STRICT_OBJC_MSGSEND = YES;
				GCC_C_LANGUAGE_STANDARD = gnu11;
				GCC_NO_COMMON_BLOCKS = YES;
				GCC_WARN_64_TO_32_BIT_CONVERSION = YES;
				GCC_WARN_ABOUT_RETURN_TYPE = YES_ERROR;
				GCC_WARN_UNDECLARED_SELECTOR = YES;
				GCC_WARN_UNINITIALIZED_AUTOS = YES_AGGRESSIVE;
				GCC_WARN_UNUSED_FUNCTION = YES;
				GCC_WARN_UNUSED_VARIABLE = YES;
				IPHONEOS_DEPLOYMENT_TARGET = 16.2;
				MTL_ENABLE_DEBUG_INFO = NO;
				MTL_FAST_MATH = YES;
				SDKROOT = iphoneos;
				VALIDATE_PRODUCT = YES;
			};
			name = Release;
		};
		EB5452B12986C918001477F9 /* Debug */ = {
			isa = XCBuildConfiguration;
			buildSettings = {
				ASSETCATALOG_COMPILER_APPICON_NAME = AppIcon;
				ASSETCATALOG_COMPILER_GLOBAL_ACCENT_COLOR_NAME = AccentColor;
				CODE_SIGN_STYLE = Automatic;
				CURRENT_PROJECT_VERSION = 1;
				DEVELOPMENT_TEAM = D3FW5XCK9M;
				GENERATE_INFOPLIST_FILE = YES;
				INFOPLIST_FILE = Allin/Info.plist;
				INFOPLIST_KEY_UIApplicationSupportsIndirectInputEvents = YES;
				INFOPLIST_KEY_UILaunchStoryboardName = LaunchScreen;
				INFOPLIST_KEY_UISupportedInterfaceOrientations_iPad = "UIInterfaceOrientationPortrait UIInterfaceOrientationPortraitUpsideDown UIInterfaceOrientationLandscapeLeft UIInterfaceOrientationLandscapeRight";
				INFOPLIST_KEY_UISupportedInterfaceOrientations_iPhone = "UIInterfaceOrientationPortrait UIInterfaceOrientationLandscapeLeft UIInterfaceOrientationLandscapeRight";
				LD_RUNPATH_SEARCH_PATHS = (
					"$(inherited)",
					"@executable_path/Frameworks",
				);
				MARKETING_VERSION = 1.0;
				PRODUCT_BUNDLE_IDENTIFIER = com.zijiong.zheng.Allin;
				PRODUCT_NAME = "$(TARGET_NAME)";
				SWIFT_EMIT_LOC_STRINGS = YES;
				TARGETED_DEVICE_FAMILY = "1,2";
			};
			name = Debug;
		};
		EB5452B22986C918001477F9 /* Release */ = {
			isa = XCBuildConfiguration;
			buildSettings = {
				ASSETCATALOG_COMPILER_APPICON_NAME = AppIcon;
				ASSETCATALOG_COMPILER_GLOBAL_ACCENT_COLOR_NAME = AccentColor;
				CODE_SIGN_STYLE = Automatic;
				CURRENT_PROJECT_VERSION = 1;
				DEVELOPMENT_TEAM = D3FW5XCK9M;
				GENERATE_INFOPLIST_FILE = YES;
				INFOPLIST_FILE = Allin/Info.plist;
				INFOPLIST_KEY_UIApplicationSupportsIndirectInputEvents = YES;
				INFOPLIST_KEY_UILaunchStoryboardName = LaunchScreen;
				INFOPLIST_KEY_UISupportedInterfaceOrientations_iPad = "UIInterfaceOrientationPortrait UIInterfaceOrientationPortraitUpsideDown UIInterfaceOrientationLandscapeLeft UIInterfaceOrientationLandscapeRight";
				INFOPLIST_KEY_UISupportedInterfaceOrientations_iPhone = "UIInterfaceOrientationPortrait UIInterfaceOrientationLandscapeLeft UIInterfaceOrientationLandscapeRight";
				LD_RUNPATH_SEARCH_PATHS = (
					"$(inherited)",
					"@executable_path/Frameworks",
				);
				MARKETING_VERSION = 1.0;
				PRODUCT_BUNDLE_IDENTIFIER = com.zijiong.zheng.Allin;
				PRODUCT_NAME = "$(TARGET_NAME)";
				SWIFT_EMIT_LOC_STRINGS = YES;
				TARGETED_DEVICE_FAMILY = "1,2";
			};
			name = Release;
		};
		EB5452B42986C918001477F9 /* Debug */ = {
			isa = XCBuildConfiguration;
			buildSettings = {
				BUNDLE_LOADER = "$(TEST_HOST)";
				CODE_SIGN_STYLE = Automatic;
				CURRENT_PROJECT_VERSION = 1;
				DEVELOPMENT_TEAM = D3FW5XCK9M;
				GENERATE_INFOPLIST_FILE = YES;
				IPHONEOS_DEPLOYMENT_TARGET = 16.2;
				MARKETING_VERSION = 1.0;
				PRODUCT_BUNDLE_IDENTIFIER = com.zijiong.zheng.AllinTests;
				PRODUCT_NAME = "$(TARGET_NAME)";
				SWIFT_EMIT_LOC_STRINGS = NO;
				TARGETED_DEVICE_FAMILY = "1,2";
				TEST_HOST = "$(BUILT_PRODUCTS_DIR)/Allin.app/$(BUNDLE_EXECUTABLE_FOLDER_PATH)/Allin";
			};
			name = Debug;
		};
		EB5452B52986C918001477F9 /* Release */ = {
			isa = XCBuildConfiguration;
			buildSettings = {
				BUNDLE_LOADER = "$(TEST_HOST)";
				CODE_SIGN_STYLE = Automatic;
				CURRENT_PROJECT_VERSION = 1;
				DEVELOPMENT_TEAM = D3FW5XCK9M;
				GENERATE_INFOPLIST_FILE = YES;
				IPHONEOS_DEPLOYMENT_TARGET = 16.2;
				MARKETING_VERSION = 1.0;
				PRODUCT_BUNDLE_IDENTIFIER = com.zijiong.zheng.AllinTests;
				PRODUCT_NAME = "$(TARGET_NAME)";
				SWIFT_EMIT_LOC_STRINGS = NO;
				TARGETED_DEVICE_FAMILY = "1,2";
				TEST_HOST = "$(BUILT_PRODUCTS_DIR)/Allin.app/$(BUNDLE_EXECUTABLE_FOLDER_PATH)/Allin";
			};
			name = Release;
		};
		EB5452B72986C918001477F9 /* Debug */ = {
			isa = XCBuildConfiguration;
			buildSettings = {
				CODE_SIGN_STYLE = Automatic;
				CURRENT_PROJECT_VERSION = 1;
				DEVELOPMENT_TEAM = D3FW5XCK9M;
				GENERATE_INFOPLIST_FILE = YES;
				MARKETING_VERSION = 1.0;
				PRODUCT_BUNDLE_IDENTIFIER = com.zijiong.zheng.AllinUITests;
				PRODUCT_NAME = "$(TARGET_NAME)";
				SWIFT_EMIT_LOC_STRINGS = NO;
				TARGETED_DEVICE_FAMILY = "1,2";
				TEST_TARGET_NAME = Allin;
			};
			name = Debug;
		};
		EB5452B82986C918001477F9 /* Release */ = {
			isa = XCBuildConfiguration;
			buildSettings = {
				CODE_SIGN_STYLE = Automatic;
				CURRENT_PROJECT_VERSION = 1;
				DEVELOPMENT_TEAM = D3FW5XCK9M;
				GENERATE_INFOPLIST_FILE = YES;
				MARKETING_VERSION = 1.0;
				PRODUCT_BUNDLE_IDENTIFIER = com.zijiong.zheng.AllinUITests;
				PRODUCT_NAME = "$(TARGET_NAME)";
				SWIFT_EMIT_LOC_STRINGS = NO;
				TARGETED_DEVICE_FAMILY = "1,2";
				TEST_TARGET_NAME = Allin;
			};
			name = Release;
		};
/* End XCBuildConfiguration section */

/* Begin XCConfigurationList section */
		EB54527C2986C916001477F9 /* Build configuration list for PBXProject "Allin" */ = {
			isa = XCConfigurationList;
			buildConfigurations = (
				EB5452AE2986C918001477F9 /* Debug */,
				EB5452AF2986C918001477F9 /* Release */,
			);
			defaultConfigurationIsVisible = 0;
			defaultConfigurationName = Release;
		};
		EB5452B02986C918001477F9 /* Build configuration list for PBXNativeTarget "Allin" */ = {
			isa = XCConfigurationList;
			buildConfigurations = (
				EB5452B12986C918001477F9 /* Debug */,
				EB5452B22986C918001477F9 /* Release */,
			);
			defaultConfigurationIsVisible = 0;
			defaultConfigurationName = Release;
		};
		EB5452B32986C918001477F9 /* Build configuration list for PBXNativeTarget "AllinTests" */ = {
			isa = XCConfigurationList;
			buildConfigurations = (
				EB5452B42986C918001477F9 /* Debug */,
				EB5452B52986C918001477F9 /* Release */,
			);
			defaultConfigurationIsVisible = 0;
			defaultConfigurationName = Release;
		};
		EB5452B62986C918001477F9 /* Build configuration list for PBXNativeTarget "AllinUITests" */ = {
			isa = XCConfigurationList;
			buildConfigurations = (
				EB5452B72986C918001477F9 /* Debug */,
				EB5452B82986C918001477F9 /* Release */,
			);
			defaultConfigurationIsVisible = 0;
			defaultConfigurationName = Release;
		};
/* End XCConfigurationList section */
	};
	rootObject = EB5452792986C916001477F9 /* Project object */;
}
